// !$*UTF8*$!
{
	archiveVersion = 1;
	classes = {
	};
	objectVersion = 46;
	objects = {

/* Begin PBXBuildFile section */
		6506A7FD177AE429001141BE /* AMSlideOutGlobals.m in Sources */ = {isa = PBXBuildFile; fileRef = 6506A7F2177AE429001141BE /* AMSlideOutGlobals.m */; };
		6506A7FE177AE429001141BE /* AMSlideOutNavigationController.m in Sources */ = {isa = PBXBuildFile; fileRef = 6506A7F4177AE429001141BE /* AMSlideOutNavigationController.m */; };
		6506A7FF177AE429001141BE /* AMSlideTableCell.m in Sources */ = {isa = PBXBuildFile; fileRef = 6506A7F6177AE429001141BE /* AMSlideTableCell.m */; };
		6506A800177AE429001141BE /* AMSlideTableHeader.m in Sources */ = {isa = PBXBuildFile; fileRef = 6506A7F8177AE429001141BE /* AMSlideTableHeader.m */; };
		6506A801177AE429001141BE /* AMTableView.m in Sources */ = {isa = PBXBuildFile; fileRef = 6506A7FA177AE429001141BE /* AMTableView.m */; };
		6506A802177AE429001141BE /* iconSlide.png in Resources */ = {isa = PBXBuildFile; fileRef = 6506A7FB177AE429001141BE /* iconSlide.png */; };
		6506A803177AE429001141BE /* iconSlide@2x.png in Resources */ = {isa = PBXBuildFile; fileRef = 6506A7FC177AE429001141BE /* iconSlide@2x.png */; };
		6515EF8117DCBBB500B00DEB /* CustomCell.m in Sources */ = {isa = PBXBuildFile; fileRef = 6515EF8017DCBBB500B00DEB /* CustomCell.m */; };
		6550422217D1F90E00310996 /* CustomHeader.m in Sources */ = {isa = PBXBuildFile; fileRef = 6550422117D1F90E00310996 /* CustomHeader.m */; };
		65A597E1180957F300C48373 /* iconSlideBlack.png in Resources */ = {isa = PBXBuildFile; fileRef = 65A597DF180957F300C48373 /* iconSlideBlack.png */; };
		65A597E2180957F300C48373 /* iconSlideBlack@2x.png in Resources */ = {isa = PBXBuildFile; fileRef = 65A597E0180957F300C48373 /* iconSlideBlack@2x.png */; };
		65A597E91809603B00C48373 /* icon1b.png in Resources */ = {isa = PBXBuildFile; fileRef = 65A597E71809603B00C48373 /* icon1b.png */; };
		65A597EA1809603B00C48373 /* icon2b.png in Resources */ = {isa = PBXBuildFile; fileRef = 65A597E81809603B00C48373 /* icon2b.png */; };
		65C5704315DAD19500E920EC /* UIKit.framework in Frameworks */ = {isa = PBXBuildFile; fileRef = 65C5704215DAD19500E920EC /* UIKit.framework */; };
		65C5704515DAD19500E920EC /* Foundation.framework in Frameworks */ = {isa = PBXBuildFile; fileRef = 65C5704415DAD19500E920EC /* Foundation.framework */; };
		65C5704715DAD19500E920EC /* CoreGraphics.framework in Frameworks */ = {isa = PBXBuildFile; fileRef = 65C5704615DAD19500E920EC /* CoreGraphics.framework */; };
		65C5704D15DAD19500E920EC /* InfoPlist.strings in Resources */ = {isa = PBXBuildFile; fileRef = 65C5704B15DAD19500E920EC /* InfoPlist.strings */; };
		65C5704F15DAD19500E920EC /* main.m in Sources */ = {isa = PBXBuildFile; fileRef = 65C5704E15DAD19500E920EC /* main.m */; };
		65C5705315DAD19500E920EC /* AppDelegate.m in Sources */ = {isa = PBXBuildFile; fileRef = 65C5705215DAD19500E920EC /* AppDelegate.m */; };
		65C5706515DAD1E500E920EC /* QuartzCore.framework in Frameworks */ = {isa = PBXBuildFile; fileRef = 65C5706415DAD1E500E920EC /* QuartzCore.framework */; };
		65C5706F15DAD48900E920EC /* FirstViewController.m in Sources */ = {isa = PBXBuildFile; fileRef = 65C5706D15DAD48900E920EC /* FirstViewController.m */; };
		65C5707015DAD48900E920EC /* FirstViewController.xib in Resources */ = {isa = PBXBuildFile; fileRef = 65C5706E15DAD48900E920EC /* FirstViewController.xib */; };
		65C5707415DAD49B00E920EC /* SecondViewController.m in Sources */ = {isa = PBXBuildFile; fileRef = 65C5707215DAD49B00E920EC /* SecondViewController.m */; };
		65C5707515DAD49B00E920EC /* SecondViewController.xib in Resources */ = {isa = PBXBuildFile; fileRef = 65C5707315DAD49B00E920EC /* SecondViewController.xib */; };
		65C5707915DAD4DB00E920EC /* icon1.png in Resources */ = {isa = PBXBuildFile; fileRef = 65C5707715DAD4DB00E920EC /* icon1.png */; };
		65C5707A15DAD4DB00E920EC /* icon2.png in Resources */ = {isa = PBXBuildFile; fileRef = 65C5707815DAD4DB00E920EC /* icon2.png */; };
		65E3FA0B177AE64200F43B37 /* Default.png in Resources */ = {isa = PBXBuildFile; fileRef = 65E3FA0A177AE64200F43B37 /* Default.png */; };
		65E3FA0D177AE64700F43B37 /* Default-568h@2x.png in Resources */ = {isa = PBXBuildFile; fileRef = 65E3FA0C177AE64700F43B37 /* Default-568h@2x.png */; };
		65E3FA0F177AE64900F43B37 /* Default@2x.png in Resources */ = {isa = PBXBuildFile; fileRef = 65E3FA0E177AE64900F43B37 /* Default@2x.png */; };
		65E3FA11177AEA9C00F43B37 /* Icon.png in Resources */ = {isa = PBXBuildFile; fileRef = 65E3FA10177AEA9C00F43B37 /* Icon.png */; };
		65E3FA13177AEA9F00F43B37 /* Icon@2x.png in Resources */ = {isa = PBXBuildFile; fileRef = 65E3FA12177AEA9F00F43B37 /* Icon@2x.png */; };
/* End PBXBuildFile section */

/* Begin PBXFileReference section */
		6506A7F1177AE429001141BE /* AMSlideOutGlobals.h */ = {isa = PBXFileReference; fileEncoding = 4; lastKnownFileType = sourcecode.c.h; path = AMSlideOutGlobals.h; sourceTree = "<group>"; };
		6506A7F2177AE429001141BE /* AMSlideOutGlobals.m */ = {isa = PBXFileReference; fileEncoding = 4; lastKnownFileType = sourcecode.c.objc; path = AMSlideOutGlobals.m; sourceTree = "<group>"; };
		6506A7F3177AE429001141BE /* AMSlideOutNavigationController.h */ = {isa = PBXFileReference; fileEncoding = 4; lastKnownFileType = sourcecode.c.h; path = AMSlideOutNavigationController.h; sourceTree = "<group>"; };
		6506A7F4177AE429001141BE /* AMSlideOutNavigationController.m */ = {isa = PBXFileReference; fileEncoding = 4; lastKnownFileType = sourcecode.c.objc; path = AMSlideOutNavigationController.m; sourceTree = "<group>"; };
		6506A7F5177AE429001141BE /* AMSlideTableCell.h */ = {isa = PBXFileReference; fileEncoding = 4; lastKnownFileType = sourcecode.c.h; path = AMSlideTableCell.h; sourceTree = "<group>"; };
		6506A7F6177AE429001141BE /* AMSlideTableCell.m */ = {isa = PBXFileReference; fileEncoding = 4; lastKnownFileType = sourcecode.c.objc; path = AMSlideTableCell.m; sourceTree = "<group>"; };
		6506A7F7177AE429001141BE /* AMSlideTableHeader.h */ = {isa = PBXFileReference; fileEncoding = 4; lastKnownFileType = sourcecode.c.h; path = AMSlideTableHeader.h; sourceTree = "<group>"; };
		6506A7F8177AE429001141BE /* AMSlideTableHeader.m */ = {isa = PBXFileReference; fileEncoding = 4; lastKnownFileType = sourcecode.c.objc; path = AMSlideTableHeader.m; sourceTree = "<group>"; };
		6506A7F9177AE429001141BE /* AMTableView.h */ = {isa = PBXFileReference; fileEncoding = 4; lastKnownFileType = sourcecode.c.h; path = AMTableView.h; sourceTree = "<group>"; };
		6506A7FA177AE429001141BE /* AMTableView.m */ = {isa = PBXFileReference; fileEncoding = 4; lastKnownFileType = sourcecode.c.objc; path = AMTableView.m; sourceTree = "<group>"; };
		6506A7FB177AE429001141BE /* iconSlide.png */ = {isa = PBXFileReference; lastKnownFileType = image.png; path = iconSlide.png; sourceTree = "<group>"; };
		6506A7FC177AE429001141BE /* iconSlide@2x.png */ = {isa = PBXFileReference; lastKnownFileType = image.png; path = "iconSlide@2x.png"; sourceTree = "<group>"; };
		6515EF7F17DCBBB500B00DEB /* CustomCell.h */ = {isa = PBXFileReference; fileEncoding = 4; lastKnownFileType = sourcecode.c.h; path = CustomCell.h; sourceTree = "<group>"; };
		6515EF8017DCBBB500B00DEB /* CustomCell.m */ = {isa = PBXFileReference; fileEncoding = 4; lastKnownFileType = sourcecode.c.objc; path = CustomCell.m; sourceTree = "<group>"; };
		6550422017D1F90E00310996 /* CustomHeader.h */ = {isa = PBXFileReference; fileEncoding = 4; lastKnownFileType = sourcecode.c.h; path = CustomHeader.h; sourceTree = "<group>"; };
		6550422117D1F90E00310996 /* CustomHeader.m */ = {isa = PBXFileReference; fileEncoding = 4; lastKnownFileType = sourcecode.c.objc; path = CustomHeader.m; sourceTree = "<group>"; };
		65A597DF180957F300C48373 /* iconSlideBlack.png */ = {isa = PBXFileReference; lastKnownFileType = image.png; path = iconSlideBlack.png; sourceTree = "<group>"; };
		65A597E0180957F300C48373 /* iconSlideBlack@2x.png */ = {isa = PBXFileReference; lastKnownFileType = image.png; path = "iconSlideBlack@2x.png"; sourceTree = "<group>"; };
		65A597E71809603B00C48373 /* icon1b.png */ = {isa = PBXFileReference; lastKnownFileType = image.png; path = icon1b.png; sourceTree = "<group>"; };
		65A597E81809603B00C48373 /* icon2b.png */ = {isa = PBXFileReference; lastKnownFileType = image.png; path = icon2b.png; sourceTree = "<group>"; };
		65C5703E15DAD19500E920EC /* SlideOutSample.app */ = {isa = PBXFileReference; explicitFileType = wrapper.application; includeInIndex = 0; path = SlideOutSample.app; sourceTree = BUILT_PRODUCTS_DIR; };
		65C5704215DAD19500E920EC /* UIKit.framework */ = {isa = PBXFileReference; lastKnownFileType = wrapper.framework; name = UIKit.framework; path = System/Library/Frameworks/UIKit.framework; sourceTree = SDKROOT; };
		65C5704415DAD19500E920EC /* Foundation.framework */ = {isa = PBXFileReference; lastKnownFileType = wrapper.framework; name = Foundation.framework; path = System/Library/Frameworks/Foundation.framework; sourceTree = SDKROOT; };
		65C5704615DAD19500E920EC /* CoreGraphics.framework */ = {isa = PBXFileReference; lastKnownFileType = wrapper.framework; name = CoreGraphics.framework; path = System/Library/Frameworks/CoreGraphics.framework; sourceTree = SDKROOT; };
		65C5704A15DAD19500E920EC /* SlideOutSample-Info.plist */ = {isa = PBXFileReference; lastKnownFileType = text.plist.xml; path = "SlideOutSample-Info.plist"; sourceTree = "<group>"; };
		65C5704C15DAD19500E920EC /* en */ = {isa = PBXFileReference; lastKnownFileType = text.plist.strings; name = en; path = en.lproj/InfoPlist.strings; sourceTree = "<group>"; };
		65C5704E15DAD19500E920EC /* main.m */ = {isa = PBXFileReference; lastKnownFileType = sourcecode.c.objc; path = main.m; sourceTree = "<group>"; };
		65C5705015DAD19500E920EC /* SlideOutSample-Prefix.pch */ = {isa = PBXFileReference; lastKnownFileType = sourcecode.c.h; path = "SlideOutSample-Prefix.pch"; sourceTree = "<group>"; };
		65C5705115DAD19500E920EC /* AppDelegate.h */ = {isa = PBXFileReference; lastKnownFileType = sourcecode.c.h; path = AppDelegate.h; sourceTree = "<group>"; };
		65C5705215DAD19500E920EC /* AppDelegate.m */ = {isa = PBXFileReference; lastKnownFileType = sourcecode.c.objc; path = AppDelegate.m; sourceTree = "<group>"; };
		65C5706415DAD1E500E920EC /* QuartzCore.framework */ = {isa = PBXFileReference; lastKnownFileType = wrapper.framework; name = QuartzCore.framework; path = System/Library/Frameworks/QuartzCore.framework; sourceTree = SDKROOT; };
		65C5706C15DAD48900E920EC /* FirstViewController.h */ = {isa = PBXFileReference; fileEncoding = 4; lastKnownFileType = sourcecode.c.h; path = FirstViewController.h; sourceTree = "<group>"; };
		65C5706D15DAD48900E920EC /* FirstViewController.m */ = {isa = PBXFileReference; fileEncoding = 4; lastKnownFileType = sourcecode.c.objc; path = FirstViewController.m; sourceTree = "<group>"; };
		65C5706E15DAD48900E920EC /* FirstViewController.xib */ = {isa = PBXFileReference; fileEncoding = 4; lastKnownFileType = file.xib; path = FirstViewController.xib; sourceTree = "<group>"; };
		65C5707115DAD49B00E920EC /* SecondViewController.h */ = {isa = PBXFileReference; fileEncoding = 4; lastKnownFileType = sourcecode.c.h; path = SecondViewController.h; sourceTree = "<group>"; };
		65C5707215DAD49B00E920EC /* SecondViewController.m */ = {isa = PBXFileReference; fileEncoding = 4; lastKnownFileType = sourcecode.c.objc; path = SecondViewController.m; sourceTree = "<group>"; };
		65C5707315DAD49B00E920EC /* SecondViewController.xib */ = {isa = PBXFileReference; fileEncoding = 4; lastKnownFileType = file.xib; path = SecondViewController.xib; sourceTree = "<group>"; };
		65C5707715DAD4DB00E920EC /* icon1.png */ = {isa = PBXFileReference; lastKnownFileType = image.png; path = icon1.png; sourceTree = "<group>"; };
		65C5707815DAD4DB00E920EC /* icon2.png */ = {isa = PBXFileReference; lastKnownFileType = image.png; path = icon2.png; sourceTree = "<group>"; };
		65E3FA0A177AE64200F43B37 /* Default.png */ = {isa = PBXFileReference; lastKnownFileType = image.png; name = Default.png; path = ../Default.png; sourceTree = "<group>"; };
		65E3FA0C177AE64700F43B37 /* Default-568h@2x.png */ = {isa = PBXFileReference; lastKnownFileType = image.png; name = "Default-568h@2x.png"; path = "../Default-568h@2x.png"; sourceTree = "<group>"; };
		65E3FA0E177AE64900F43B37 /* Default@2x.png */ = {isa = PBXFileReference; lastKnownFileType = image.png; name = "Default@2x.png"; path = "../Default@2x.png"; sourceTree = "<group>"; };
		65E3FA10177AEA9C00F43B37 /* Icon.png */ = {isa = PBXFileReference; lastKnownFileType = image.png; name = Icon.png; path = ../Icon.png; sourceTree = "<group>"; };
		65E3FA12177AEA9F00F43B37 /* Icon@2x.png */ = {isa = PBXFileReference; lastKnownFileType = image.png; name = "Icon@2x.png"; path = "../Icon@2x.png"; sourceTree = "<group>"; };
/* End PBXFileReference section */

/* Begin PBXFrameworksBuildPhase section */
		65C5703B15DAD19500E920EC /* Frameworks */ = {
			isa = PBXFrameworksBuildPhase;
			buildActionMask = 2147483647;
			files = (
				65C5706515DAD1E500E920EC /* QuartzCore.framework in Frameworks */,
				65C5704315DAD19500E920EC /* UIKit.framework in Frameworks */,
				65C5704515DAD19500E920EC /* Foundation.framework in Frameworks */,
				65C5704715DAD19500E920EC /* CoreGraphics.framework in Frameworks */,
			);
			runOnlyForDeploymentPostprocessing = 0;
		};
/* End PBXFrameworksBuildPhase section */

/* Begin PBXGroup section */
		6506A7F0177AE429001141BE /* AMSlideOut */ = {
			isa = PBXGroup;
			children = (
				6506A7F1177AE429001141BE /* AMSlideOutGlobals.h */,
				6506A7F2177AE429001141BE /* AMSlideOutGlobals.m */,
				6506A7F3177AE429001141BE /* AMSlideOutNavigationController.h */,
				6506A7F4177AE429001141BE /* AMSlideOutNavigationController.m */,
				6506A7F5177AE429001141BE /* AMSlideTableCell.h */,
				6506A7F6177AE429001141BE /* AMSlideTableCell.m */,
				6506A7F7177AE429001141BE /* AMSlideTableHeader.h */,
				6506A7F8177AE429001141BE /* AMSlideTableHeader.m */,
				6506A7F9177AE429001141BE /* AMTableView.h */,
				6506A7FA177AE429001141BE /* AMTableView.m */,
				6506A7FB177AE429001141BE /* iconSlide.png */,
				6506A7FC177AE429001141BE /* iconSlide@2x.png */,
				65A597DF180957F300C48373 /* iconSlideBlack.png */,
				65A597E0180957F300C48373 /* iconSlideBlack@2x.png */,
			);
			name = AMSlideOut;
			path = ../../AMSlideOut;
			sourceTree = "<group>";
		};
		65C5703315DAD19500E920EC = {
			isa = PBXGroup;
			children = (
				65C5704815DAD19500E920EC /* SlideOutSample */,
				65C5704115DAD19500E920EC /* Frameworks */,
				65C5703F15DAD19500E920EC /* Products */,
			);
			sourceTree = "<group>";
		};
		65C5703F15DAD19500E920EC /* Products */ = {
			isa = PBXGroup;
			children = (
				65C5703E15DAD19500E920EC /* SlideOutSample.app */,
			);
			name = Products;
			sourceTree = "<group>";
		};
		65C5704115DAD19500E920EC /* Frameworks */ = {
			isa = PBXGroup;
			children = (
				65C5706415DAD1E500E920EC /* QuartzCore.framework */,
				65C5704215DAD19500E920EC /* UIKit.framework */,
				65C5704415DAD19500E920EC /* Foundation.framework */,
				65C5704615DAD19500E920EC /* CoreGraphics.framework */,
			);
			name = Frameworks;
			sourceTree = "<group>";
		};
		65C5704815DAD19500E920EC /* SlideOutSample */ = {
			isa = PBXGroup;
			children = (
				6506A7F0177AE429001141BE /* AMSlideOut */,
				65C5707615DAD4DB00E920EC /* Resources */,
				65C5706715DAD23900E920EC /* Controllers */,
				65C5705115DAD19500E920EC /* AppDelegate.h */,
				65C5705215DAD19500E920EC /* AppDelegate.m */,
				65C5704915DAD19500E920EC /* Supporting Files */,
			);
			path = SlideOutSample;
			sourceTree = "<group>";
		};
		65C5704915DAD19500E920EC /* Supporting Files */ = {
			isa = PBXGroup;
			children = (
				65E3FA12177AEA9F00F43B37 /* Icon@2x.png */,
				65E3FA10177AEA9C00F43B37 /* Icon.png */,
				65E3FA0E177AE64900F43B37 /* Default@2x.png */,
				65E3FA0C177AE64700F43B37 /* Default-568h@2x.png */,
				65E3FA0A177AE64200F43B37 /* Default.png */,
				65C5704A15DAD19500E920EC /* SlideOutSample-Info.plist */,
				65C5704B15DAD19500E920EC /* InfoPlist.strings */,
				65C5704E15DAD19500E920EC /* main.m */,
				65C5705015DAD19500E920EC /* SlideOutSample-Prefix.pch */,
			);
			name = "Supporting Files";
			sourceTree = "<group>";
		};
		65C5706715DAD23900E920EC /* Controllers */ = {
			isa = PBXGroup;
			children = (
				65C5706C15DAD48900E920EC /* FirstViewController.h */,
				65C5706D15DAD48900E920EC /* FirstViewController.m */,
				65C5706E15DAD48900E920EC /* FirstViewController.xib */,
				65C5707115DAD49B00E920EC /* SecondViewController.h */,
				65C5707215DAD49B00E920EC /* SecondViewController.m */,
				65C5707315DAD49B00E920EC /* SecondViewController.xib */,
				6550422017D1F90E00310996 /* CustomHeader.h */,
				6550422117D1F90E00310996 /* CustomHeader.m */,
				6515EF7F17DCBBB500B00DEB /* CustomCell.h */,
				6515EF8017DCBBB500B00DEB /* CustomCell.m */,
			);
			name = Controllers;
			sourceTree = "<group>";
		};
		65C5707615DAD4DB00E920EC /* Resources */ = {
			isa = PBXGroup;
			children = (
				65A597E71809603B00C48373 /* icon1b.png */,
				65A597E81809603B00C48373 /* icon2b.png */,
				65C5707715DAD4DB00E920EC /* icon1.png */,
				65C5707815DAD4DB00E920EC /* icon2.png */,
			);
			path = Resources;
			sourceTree = "<group>";
		};
/* End PBXGroup section */

/* Begin PBXNativeTarget section */
		65C5703D15DAD19500E920EC /* SlideOutSample */ = {
			isa = PBXNativeTarget;
			buildConfigurationList = 65C5705615DAD19500E920EC /* Build configuration list for PBXNativeTarget "SlideOutSample" */;
			buildPhases = (
				65C5703A15DAD19500E920EC /* Sources */,
				65C5703B15DAD19500E920EC /* Frameworks */,
				65C5703C15DAD19500E920EC /* Resources */,
			);
			buildRules = (
			);
			dependencies = (
			);
			name = SlideOutSample;
			productName = SlideOutSample;
			productReference = 65C5703E15DAD19500E920EC /* SlideOutSample.app */;
			productType = "com.apple.product-type.application";
		};
/* End PBXNativeTarget section */

/* Begin PBXProject section */
		65C5703515DAD19500E920EC /* Project object */ = {
			isa = PBXProject;
			attributes = {
				LastUpgradeCheck = 0500;
				ORGANIZATIONNAME = "Andrea Mazzini";
			};
			buildConfigurationList = 65C5703815DAD19500E920EC /* Build configuration list for PBXProject "SlideOutSample" */;
			compatibilityVersion = "Xcode 3.2";
			developmentRegion = English;
			hasScannedForEncodings = 0;
			knownRegions = (
				en,
			);
			mainGroup = 65C5703315DAD19500E920EC;
			productRefGroup = 65C5703F15DAD19500E920EC /* Products */;
			projectDirPath = "";
			projectRoot = "";
			targets = (
				65C5703D15DAD19500E920EC /* SlideOutSample */,
			);
		};
/* End PBXProject section */

/* Begin PBXResourcesBuildPhase section */
		65C5703C15DAD19500E920EC /* Resources */ = {
			isa = PBXResourcesBuildPhase;
			buildActionMask = 2147483647;
			files = (
				65C5704D15DAD19500E920EC /* InfoPlist.strings in Resources */,
				65C5707015DAD48900E920EC /* FirstViewController.xib in Resources */,
				65C5707515DAD49B00E920EC /* SecondViewController.xib in Resources */,
				65C5707915DAD4DB00E920EC /* icon1.png in Resources */,
				65C5707A15DAD4DB00E920EC /* icon2.png in Resources */,
				6506A802177AE429001141BE /* iconSlide.png in Resources */,
				65A597EA1809603B00C48373 /* icon2b.png in Resources */,
				6506A803177AE429001141BE /* iconSlide@2x.png in Resources */,
				65A597E91809603B00C48373 /* icon1b.png in Resources */,
				65E3FA0B177AE64200F43B37 /* Default.png in Resources */,
				65E3FA0D177AE64700F43B37 /* Default-568h@2x.png in Resources */,
				65E3FA0F177AE64900F43B37 /* Default@2x.png in Resources */,
				65A597E1180957F300C48373 /* iconSlideBlack.png in Resources */,
				65A597E2180957F300C48373 /* iconSlideBlack@2x.png in Resources */,
				65E3FA11177AEA9C00F43B37 /* Icon.png in Resources */,
				65E3FA13177AEA9F00F43B37 /* Icon@2x.png in Resources */,
			);
			runOnlyForDeploymentPostprocessing = 0;
		};
/* End PBXResourcesBuildPhase section */

/* Begin PBXSourcesBuildPhase section */
		65C5703A15DAD19500E920EC /* Sources */ = {
			isa = PBXSourcesBuildPhase;
			buildActionMask = 2147483647;
			files = (
				65C5704F15DAD19500E920EC /* main.m in Sources */,
				65C5705315DAD19500E920EC /* AppDelegate.m in Sources */,
				65C5706F15DAD48900E920EC /* FirstViewController.m in Sources */,
				65C5707415DAD49B00E920EC /* SecondViewController.m in Sources */,
				6506A7FD177AE429001141BE /* AMSlideOutGlobals.m in Sources */,
				6506A7FE177AE429001141BE /* AMSlideOutNavigationController.m in Sources */,
				6506A7FF177AE429001141BE /* AMSlideTableCell.m in Sources */,
				6506A800177AE429001141BE /* AMSlideTableHeader.m in Sources */,
				6506A801177AE429001141BE /* AMTableView.m in Sources */,
				6550422217D1F90E00310996 /* CustomHeader.m in Sources */,
				6515EF8117DCBBB500B00DEB /* CustomCell.m in Sources */,
			);
			runOnlyForDeploymentPostprocessing = 0;
		};
/* End PBXSourcesBuildPhase section */

/* Begin PBXVariantGroup section */
		65C5704B15DAD19500E920EC /* InfoPlist.strings */ = {
			isa = PBXVariantGroup;
			children = (
				65C5704C15DAD19500E920EC /* en */,
			);
			name = InfoPlist.strings;
			sourceTree = "<group>";
		};
/* End PBXVariantGroup section */

/* Begin XCBuildConfiguration section */
		65C5705415DAD19500E920EC /* Debug */ = {
			isa = XCBuildConfiguration;
			buildSettings = {
				ALWAYS_SEARCH_USER_PATHS = NO;
				CLANG_CXX_LANGUAGE_STANDARD = "gnu++0x";
				CLANG_ENABLE_OBJC_ARC = YES;
				CLANG_WARN_BOOL_CONVERSION = YES;
				CLANG_WARN_CONSTANT_CONVERSION = YES;
				CLANG_WARN_EMPTY_BODY = YES;
				CLANG_WARN_ENUM_CONVERSION = YES;
				CLANG_WARN_INT_CONVERSION = YES;
				CLANG_WARN__DUPLICATE_METHOD_MATCH = YES;
				"CODE_SIGN_IDENTITY[sdk=iphoneos*]" = "iPhone Developer";
				COPY_PHASE_STRIP = NO;
				GCC_C_LANGUAGE_STANDARD = gnu99;
				GCC_DYNAMIC_NO_PIC = NO;
				GCC_OPTIMIZATION_LEVEL = 0;
				GCC_PREPROCESSOR_DEFINITIONS = (
					"DEBUG=1",
					"$(inherited)",
				);
				GCC_SYMBOLS_PRIVATE_EXTERN = NO;
				GCC_VERSION = com.apple.compilers.llvm.clang.1_0;
				GCC_WARN_ABOUT_RETURN_TYPE = YES;
				GCC_WARN_UNDECLARED_SELECTOR = YES;
				GCC_WARN_UNINITIALIZED_AUTOS = YES;
				GCC_WARN_UNUSED_FUNCTION = YES;
				GCC_WARN_UNUSED_VARIABLE = YES;
				IPHONEOS_DEPLOYMENT_TARGET = 5.1;
				ONLY_ACTIVE_ARCH = YES;
				SDKROOT = iphoneos;
			};
			name = Debug;
		};
		65C5705515DAD19500E920EC /* Release */ = {
			isa = XCBuildConfiguration;
			buildSettings = {
				ALWAYS_SEARCH_USER_PATHS = NO;
				CLANG_CXX_LANGUAGE_STANDARD = "gnu++0x";
				CLANG_ENABLE_OBJC_ARC = YES;
				CLANG_WARN_BOOL_CONVERSION = YES;
				CLANG_WARN_CONSTANT_CONVERSION = YES;
				CLANG_WARN_EMPTY_BODY = YES;
				CLANG_WARN_ENUM_CONVERSION = YES;
				CLANG_WARN_INT_CONVERSION = YES;
				CLANG_WARN__DUPLICATE_METHOD_MATCH = YES;
				"CODE_SIGN_IDENTITY[sdk=iphoneos*]" = "iPhone Developer";
				COPY_PHASE_STRIP = YES;
				GCC_C_LANGUAGE_STANDARD = gnu99;
				GCC_VERSION = com.apple.compilers.llvm.clang.1_0;
				GCC_WARN_ABOUT_RETURN_TYPE = YES;
				GCC_WARN_UNDECLARED_SELECTOR = YES;
				GCC_WARN_UNINITIALIZED_AUTOS = YES;
				GCC_WARN_UNUSED_FUNCTION = YES;
				GCC_WARN_UNUSED_VARIABLE = YES;
				IPHONEOS_DEPLOYMENT_TARGET = 5.1;
				OTHER_CFLAGS = "-DNS_BLOCK_ASSERTIONS=1";
				SDKROOT = iphoneos;
				VALIDATE_PRODUCT = YES;
			};
			name = Release;
		};
		65C5705715DAD19500E920EC /* Debug */ = {
			isa = XCBuildConfiguration;
			buildSettings = {
				GCC_PRECOMPILE_PREFIX_HEADER = YES;
				GCC_PREFIX_HEADER = "SlideOutSample/SlideOutSample-Prefix.pch";
				INFOPLIST_FILE = "SlideOutSample/SlideOutSample-Info.plist";
				IPHONEOS_DEPLOYMENT_TARGET = 5.0;
				PRODUCT_NAME = "$(TARGET_NAME)";
				WRAPPER_EXTENSION = app;
			};
			name = Debug;
		};
		65C5705815DAD19500E920EC /* Release */ = {
			isa = XCBuildConfiguration;
			buildSettings = {
				GCC_PRECOMPILE_PREFIX_HEADER = YES;
				GCC_PREFIX_HEADER = "SlideOutSample/SlideOutSample-Prefix.pch";
				INFOPLIST_FILE = "SlideOutSample/SlideOutSample-Info.plist";
				IPHONEOS_DEPLOYMENT_TARGET = 5.0;
				PRODUCT_NAME = "$(TARGET_NAME)";
				WRAPPER_EXTENSION = app;
			};
			name = Release;
		};
/* End XCBuildConfiguration section */

/* Begin XCConfigurationList section */
		65C5703815DAD19500E920EC /* Build configuration list for PBXProject "SlideOutSample" */ = {
			isa = XCConfigurationList;
			buildConfigurations = (
				65C5705415DAD19500E920EC /* Debug */,
				65C5705515DAD19500E920EC /* Release */,
			);
			defaultConfigurationIsVisible = 0;
			defaultConfigurationName = Release;
		};
		65C5705615DAD19500E920EC /* Build configuration list for PBXNativeTarget "SlideOutSample" */ = {
			isa = XCConfigurationList;
			buildConfigurations = (
				65C5705715DAD19500E920EC /* Debug */,
				65C5705815DAD19500E920EC /* Release */,
			);
			defaultConfigurationIsVisible = 0;
			defaultConfigurationName = Release;
		};
/* End XCConfigurationList section */
	};
	rootObject = 65C5703515DAD19500E920EC /* Project object */;
}
